PATH
  remote: .
  specs:
    elelem (0.4.0)
      erb
      fileutils
      json
      json-schema
      logger
      net-llm
      open3
      pathname
      reline
      set
      thor
      timeout

GEM
  remote: https://rubygems.org/
  specs:
    addressable (2.8.7)
      public_suffix (>= 2.0.2, < 7.0)
    base64 (0.3.0)
    bigdecimal (3.2.2)
    date (3.4.1)
    diff-lcs (1.6.2)
    erb (5.0.2)
    fileutils (1.8.0)
    io-console (0.8.1)
    irb (1.15.2)
      pp (>= 0.6.0)
      rdoc (>= 4.0.0)
      reline (>= 0.4.2)
    json (2.13.2)
    json-schema (6.0.0)
      addressable (~> 2.8)
      bigdecimal (~> 3.1)
    logger (1.7.0)
    net-hippie (1.4.0)
      base64 (~> 0.1)
      json (~> 2.0)
      logger (~> 1.0)
      net-http (~> 0.6)
      openssl (~> 3.0)
    net-http (0.6.0)
      uri
    net-llm (0.4.0)
      json (~> 2.0)
      net-hippie (~> 1.0)
      uri (~> 1.0)
    open3 (0.2.1)
    openssl (3.3.1)
    pathname (0.4.0)
    pp (0.6.2)
      prettyprint
    prettyprint (0.2.0)
    psych (5.2.6)
      date
      stringio
    public_suffix (6.0.2)
    rake (13.3.0)
    rdoc (6.14.2)
      erb
      psych (>= 4.0.0)
    reline (0.6.2)
      io-console (~> 0.5)
    rspec (3.13.1)
      rspec-core (~> 3.13.0)
      rspec-expectations (~> 3.13.0)
      rspec-mocks (~> 3.13.0)
    rspec-core (3.13.5)
      rspec-support (~> 3.13.0)
    rspec-expectations (3.13.5)
      diff-lcs (>= 1.2.0, < 2.0)
      rspec-support (~> 3.13.0)
    rspec-mocks (3.13.5)
      diff-lcs (>= 1.2.0, < 2.0)
      rspec-support (~> 3.13.0)
    rspec-support (3.13.4)
    set (1.1.2)
    stringio (3.1.7)
    thor (1.3.2)
    timeout (0.4.3)
    uri (1.0.3)

PLATFORMS
  ruby
  x86_64-linux

DEPENDENCIES
  elelem!
  irb
  rake (~> 13.0)
  rspec (~> 3.0)

BUNDLED WITH
   2.7.2
